
Microsoft Visual Studio Solution File, Format Version 12.00
# Visual Studio 2015
Project("{FAE04EC0-301F-11D3-BF4B-00C04F79EFBC}") = "Parachute Kids.CSharp", "Parachute Kids.CSharp.csproj", "{305F0246-A599-F643-744D-A201660E6F2D}"
EndProject
Global
	GlobalSection(SolutionConfigurationPlatforms) = preSolution
		Debug|Any CPU = Debug|Any CPU
		Release|Any CPU = Release|Any CPU
	EndGlobalSection
	GlobalSection(ProjectConfigurationPlatforms) = postSolution
		{305F0246-A599-F643-744D-A201660E6F2D}.Debug|Any CPU.ActiveCfg = Debug|Any CPU
		{305F0246-A599-F643-744D-A201660E6F2D}.Debug|Any CPU.Build.0 = Debug|Any CPU
		{305F0246-A599-F643-744D-A201660E6F2D}.Release|Any CPU.ActiveCfg = Release|Any CPU
		{305F0246-A599-F643-744D-A201660E6F2D}.Release|Any CPU.Build.0 = Release|Any CPU
	EndGlobalSection
	GlobalSection(SolutionProperties) = preSolution
		HideSolutionNode = FALSE
	EndGlobalSection
EndGlobal
