Microsoft Visual Studio Solution File, Format Version 11.00
# Visual Studio 2008

Project("{A01C489A-021C-CDA0-FFD2-BE663A5E4B97}") = "parachute-kids-game", "Assembly-CSharp.csproj", "{CADA8183-0CF8-8443-427F-74163CFDD399}"
EndProject
Global
	GlobalSection(SolutionConfigurationPlatforms) = preSolution
		Debug|Any CPU = Debug|Any CPU
		Release|Any CPU = Release|Any CPU
	EndGlobalSection
	GlobalSection(ProjectConfigurationPlatforms) = postSolution
		{CADA8183-0CF8-8443-427F-74163CFDD399}.Debug|Any CPU.ActiveCfg = Debug|Any CPU
		{CADA8183-0CF8-8443-427F-74163CFDD399}.Debug|Any CPU.Build.0 = Debug|Any CPU
		{CADA8183-0CF8-8443-427F-74163CFDD399}.Release|Any CPU.ActiveCfg = Release|Any CPU
		{CADA8183-0CF8-8443-427F-74163CFDD399}.Release|Any CPU.Build.0 = Release|Any CPU
	EndGlobalSection
	GlobalSection(SolutionProperties) = preSolution
		HideSolutionNode = FALSE
	EndGlobalSection
	GlobalSection(MonoDevelopProperties) = preSolution
		StartupItem = Assembly-CSharp.csproj
	EndGlobalSection
EndGlobal
